
Microsoft Visual Studio Solution File, Format Version 12.00
# Visual Studio Version 16
VisualStudioVersion = 16.0.29613.14
MinimumVisualStudioVersion = 10.0.40219.1
Project("{FAE04EC0-301F-11D3-BF4B-00C04F79EFBC}") = "bitup", "bitup\bitup.csproj", "{90DD1928-6F0B-45D0-9F25-D0FA7D50EB47}"
EndProject
Project("{FAE04EC0-301F-11D3-BF4B-00C04F79EFBC}") = "bitupAPI", "bitupAPI\bitupAPI.csproj", "{B0A5C0BC-025F-4E36-97F1-C34E2A08C81F}"
EndProject
Project("{FAE04EC0-301F-11D3-BF4B-00C04F79EFBC}") = "bitupTrade", "bitupTrade\bitupTrade.csproj", "{7ED2FBBA-AF44-4C35-BA57-ADEFE942F393}"
EndProject
Project("{FAE04EC0-301F-11D3-BF4B-00C04F79EFBC}") = "bitup.Cmm", "bitup.Cmm\bitup.Cmm.csproj", "{BE58CEA3-A214-4CD3-B7E1-4EE2B1C174DB}"
EndProject
Global
	GlobalSection(SolutionConfigurationPlatforms) = preSolution
		Debug|Any CPU = Debug|Any CPU
		Release|Any CPU = Release|Any CPU
	EndGlobalSection
	GlobalSection(ProjectConfigurationPlatforms) = postSolution
		{90DD1928-6F0B-45D0-9F25-D0FA7D50EB47}.Debug|Any CPU.ActiveCfg = Debug|Any CPU
		{90DD1928-6F0B-45D0-9F25-D0FA7D50EB47}.Debug|Any CPU.Build.0 = Debug|Any CPU
		{90DD1928-6F0B-45D0-9F25-D0FA7D50EB47}.Release|Any CPU.ActiveCfg = Release|Any CPU
		{90DD1928-6F0B-45D0-9F25-D0FA7D50EB47}.Release|Any CPU.Build.0 = Release|Any CPU
		{B0A5C0BC-025F-4E36-97F1-C34E2A08C81F}.Debug|Any CPU.ActiveCfg = Debug|Any CPU
		{B0A5C0BC-025F-4E36-97F1-C34E2A08C81F}.Debug|Any CPU.Build.0 = Debug|Any CPU
		{B0A5C0BC-025F-4E36-97F1-C34E2A08C81F}.Release|Any CPU.ActiveCfg = Release|Any CPU
		{B0A5C0BC-025F-4E36-97F1-C34E2A08C81F}.Release|Any CPU.Build.0 = Release|Any CPU
		{7ED2FBBA-AF44-4C35-BA57-ADEFE942F393}.Debug|Any CPU.ActiveCfg = Debug|Any CPU
		{7ED2FBBA-AF44-4C35-BA57-ADEFE942F393}.Debug|Any CPU.Build.0 = Debug|Any CPU
		{7ED2FBBA-AF44-4C35-BA57-ADEFE942F393}.Release|Any CPU.ActiveCfg = Release|Any CPU
		{7ED2FBBA-AF44-4C35-BA57-ADEFE942F393}.Release|Any CPU.Build.0 = Release|Any CPU
		{BE58CEA3-A214-4CD3-B7E1-4EE2B1C174DB}.Debug|Any CPU.ActiveCfg = Debug|Any CPU
		{BE58CEA3-A214-4CD3-B7E1-4EE2B1C174DB}.Debug|Any CPU.Build.0 = Debug|Any CPU
		{BE58CEA3-A214-4CD3-B7E1-4EE2B1C174DB}.Release|Any CPU.ActiveCfg = Release|Any CPU
		{BE58CEA3-A214-4CD3-B7E1-4EE2B1C174DB}.Release|Any CPU.Build.0 = Release|Any CPU
	EndGlobalSection
	GlobalSection(SolutionProperties) = preSolution
		HideSolutionNode = FALSE
	EndGlobalSection
	GlobalSection(ExtensibilityGlobals) = postSolution
		SolutionGuid = {0E739FD6-BB6B-4BC8-AACF-ECC05B8765F3}
	EndGlobalSection
EndGlobal
